
Microsoft Visual Studio Solution File, Format Version 12.00
# Visual Studio Version 17
VisualStudioVersion = 17.0.31903.59
MinimumVisualStudioVersion = 10.0.40219.1
Project("{FAE04EC0-301F-11D3-BF4B-00C04F79EFBC}") = "TodoApi", "TodoApi\TodoApi.csproj", "{7A48DAAE-1CA1-45BD-BEA1-5E73420D653F}"
EndProject
Project("{FAE04EC0-301F-11D3-BF4B-00C04F79EFBC}") = "McpServer", "McpServer\McpServer.csproj", "{88D72CB5-B27D-4261-9949-01033E1AD517}"
EndProject
Project("{FAE04EC0-301F-11D3-BF4B-00C04F79EFBC}") = "TodoApi.Test", "TodoApi.Test\TodoApi.Test.csproj", "{23A0DC59-1E27-4AE4-9392-D854C80C042F}"
EndProject
Project("{FAE04EC0-301F-11D3-BF4B-00C04F79EFBC}") = "McpServer.Test", "McpServer.Test\McpServer.Test.csproj", "{AC17E8F8-C16C-4F8A-96A8-815E99EB4919}"
EndProject
Global
	GlobalSection(SolutionConfigurationPlatforms) = preSolution
		Debug|Any CPU = Debug|Any CPU
		Debug|x64 = Debug|x64
		Debug|x86 = Debug|x86
		Release|Any CPU = Release|Any CPU
		Release|x64 = Release|x64
		Release|x86 = Release|x86
	EndGlobalSection
	GlobalSection(ProjectConfigurationPlatforms) = postSolution
		{7A48DAAE-1CA1-45BD-BEA1-5E73420D653F}.Debug|Any CPU.ActiveCfg = Debug|Any CPU
		{7A48DAAE-1CA1-45BD-BEA1-5E73420D653F}.Debug|Any CPU.Build.0 = Debug|Any CPU
		{7A48DAAE-1CA1-45BD-BEA1-5E73420D653F}.Debug|x64.ActiveCfg = Debug|Any CPU
		{7A48DAAE-1CA1-45BD-BEA1-5E73420D653F}.Debug|x64.Build.0 = Debug|Any CPU
		{7A48DAAE-1CA1-45BD-BEA1-5E73420D653F}.Debug|x86.ActiveCfg = Debug|Any CPU
		{7A48DAAE-1CA1-45BD-BEA1-5E73420D653F}.Debug|x86.Build.0 = Debug|Any CPU
		{7A48DAAE-1CA1-45BD-BEA1-5E73420D653F}.Release|Any CPU.ActiveCfg = Release|Any CPU
		{7A48DAAE-1CA1-45BD-BEA1-5E73420D653F}.Release|Any CPU.Build.0 = Release|Any CPU
		{7A48DAAE-1CA1-45BD-BEA1-5E73420D653F}.Release|x64.ActiveCfg = Release|Any CPU
		{7A48DAAE-1CA1-45BD-BEA1-5E73420D653F}.Release|x64.Build.0 = Release|Any CPU
		{7A48DAAE-1CA1-45BD-BEA1-5E73420D653F}.Release|x86.ActiveCfg = Release|Any CPU
		{7A48DAAE-1CA1-45BD-BEA1-5E73420D653F}.Release|x86.Build.0 = Release|Any CPU
		{88D72CB5-B27D-4261-9949-01033E1AD517}.Debug|Any CPU.ActiveCfg = Debug|Any CPU
		{88D72CB5-B27D-4261-9949-01033E1AD517}.Debug|Any CPU.Build.0 = Debug|Any CPU
		{88D72CB5-B27D-4261-9949-01033E1AD517}.Debug|x64.ActiveCfg = Debug|Any CPU
		{88D72CB5-B27D-4261-9949-01033E1AD517}.Debug|x64.Build.0 = Debug|Any CPU
		{88D72CB5-B27D-4261-9949-01033E1AD517}.Debug|x86.ActiveCfg = Debug|Any CPU
		{88D72CB5-B27D-4261-9949-01033E1AD517}.Debug|x86.Build.0 = Debug|Any CPU
		{88D72CB5-B27D-4261-9949-01033E1AD517}.Release|Any CPU.ActiveCfg = Release|Any CPU
		{88D72CB5-B27D-4261-9949-01033E1AD517}.Release|Any CPU.Build.0 = Release|Any CPU
		{88D72CB5-B27D-4261-9949-01033E1AD517}.Release|x64.ActiveCfg = Release|Any CPU
		{88D72CB5-B27D-4261-9949-01033E1AD517}.Release|x64.Build.0 = Release|Any CPU
		{88D72CB5-B27D-4261-9949-01033E1AD517}.Release|x86.ActiveCfg = Release|Any CPU
		{88D72CB5-B27D-4261-9949-01033E1AD517}.Release|x86.Build.0 = Release|Any CPU
		{23A0DC59-1E27-4AE4-9392-D854C80C042F}.Debug|Any CPU.ActiveCfg = Debug|Any CPU
		{23A0DC59-1E27-4AE4-9392-D854C80C042F}.Debug|Any CPU.Build.0 = Debug|Any CPU
		{23A0DC59-1E27-4AE4-9392-D854C80C042F}.Debug|x64.ActiveCfg = Debug|Any CPU
		{23A0DC59-1E27-4AE4-9392-D854C80C042F}.Debug|x64.Build.0 = Debug|Any CPU
		{23A0DC59-1E27-4AE4-9392-D854C80C042F}.Debug|x86.ActiveCfg = Debug|Any CPU
		{23A0DC59-1E27-4AE4-9392-D854C80C042F}.Debug|x86.Build.0 = Debug|Any CPU
		{23A0DC59-1E27-4AE4-9392-D854C80C042F}.Release|Any CPU.ActiveCfg = Release|Any CPU
		{23A0DC59-1E27-4AE4-9392-D854C80C042F}.Release|Any CPU.Build.0 = Release|Any CPU
		{23A0DC59-1E27-4AE4-9392-D854C80C042F}.Release|x64.ActiveCfg = Release|Any CPU
		{23A0DC59-1E27-4AE4-9392-D854C80C042F}.Release|x64.Build.0 = Release|Any CPU
		{23A0DC59-1E27-4AE4-9392-D854C80C042F}.Release|x86.ActiveCfg = Release|Any CPU
		{23A0DC59-1E27-4AE4-9392-D854C80C042F}.Release|x86.Build.0 = Release|Any CPU
		{AC17E8F8-C16C-4F8A-96A8-815E99EB4919}.Debug|Any CPU.ActiveCfg = Debug|Any CPU
		{AC17E8F8-C16C-4F8A-96A8-815E99EB4919}.Debug|Any CPU.Build.0 = Debug|Any CPU
		{AC17E8F8-C16C-4F8A-96A8-815E99EB4919}.Debug|x64.ActiveCfg = Debug|Any CPU
		{AC17E8F8-C16C-4F8A-96A8-815E99EB4919}.Debug|x64.Build.0 = Debug|Any CPU
		{AC17E8F8-C16C-4F8A-96A8-815E99EB4919}.Debug|x86.ActiveCfg = Debug|Any CPU
		{AC17E8F8-C16C-4F8A-96A8-815E99EB4919}.Debug|x86.Build.0 = Debug|Any CPU
		{AC17E8F8-C16C-4F8A-96A8-815E99EB4919}.Release|Any CPU.ActiveCfg = Release|Any CPU
		{AC17E8F8-C16C-4F8A-96A8-815E99EB4919}.Release|Any CPU.Build.0 = Release|Any CPU
		{AC17E8F8-C16C-4F8A-96A8-815E99EB4919}.Release|x64.ActiveCfg = Release|Any CPU
		{AC17E8F8-C16C-4F8A-96A8-815E99EB4919}.Release|x64.Build.0 = Release|Any CPU
		{AC17E8F8-C16C-4F8A-96A8-815E99EB4919}.Release|x86.ActiveCfg = Release|Any CPU
		{AC17E8F8-C16C-4F8A-96A8-815E99EB4919}.Release|x86.Build.0 = Release|Any CPU
	EndGlobalSection
	GlobalSection(SolutionProperties) = preSolution
		HideSolutionNode = FALSE
	EndGlobalSection
EndGlobal
